{
  "version": 4,
  "terraform_version": "0.12.28",
  "serial": 8,
  "lineage": "85bb066c-126b-2e9a-070c-7fb4fde72c17",
  "outputs": {
    "aks": {
      "value": {
        "addon_profile": [
          {
            "aci_connector_linux": [],
            "azure_policy": [],
            "http_application_routing": [],
            "kube_dashboard": [
              {
                "enabled": true
              }
            ],
            "oms_agent": [
              {
                "enabled": true,
                "log_analytics_workspace_id": "/subscriptions/4117bea3-bb0b-498e-86f6-c003056883e1/resourcegroups/mainovaaksdemo-rg/providers/microsoft.operationalinsights/workspaces/mainovaaksdemo-law",
                "oms_agent_identity": null
              }
            ]
          }
        ],
        "api_server_authorized_ip_ranges": null,
        "auto_scaler_profile": null,
        "default_node_pool": [
          {
            "availability_zones": null,
            "enable_auto_scaling": null,
            "enable_node_public_ip": null,
            "max_count": null,
            "max_pods": null,
            "min_count": null,
            "name": "default",
            "node_count": 1,
            "node_labels": null,
            "node_taints": null,
            "orchestrator_version": null,
            "os_disk_size_gb": null,
            "tags": null,
            "type": "VirtualMachineScaleSets",
            "vm_size": "Standard_B2s",
            "vnet_subnet_id": "/subscriptions/4117bea3-bb0b-498e-86f6-c003056883e1/resourceGroups/mainovaaksdemo-rg/providers/Microsoft.Network/virtualNetworks/mainovaaksdemo-vnet/subnets/mainovaaksdemo-subnet"
          }
        ],
        "disk_encryption_set_id": null,
        "dns_prefix": "mainovaaksdemo-dns",
        "enable_pod_security_policy": null,
        "fqdn": null,
        "id": null,
        "identity": [
          {
            "principal_id": null,
            "tenant_id": null,
            "type": "SystemAssigned"
          }
        ],
        "kube_admin_config": null,
        "kube_admin_config_raw": null,
        "kube_config": null,
        "kube_config_raw": null,
        "kubelet_identity": null,
        "kubernetes_version": "1.17.7",
        "linux_profile": [],
        "location": "westeurope",
        "name": "mainovaaksdemo-aks",
        "network_profile": [
          {
            "dns_service_ip": null,
            "docker_bridge_cidr": null,
            "load_balancer_profile": null,
            "load_balancer_sku": "standard",
            "network_plugin": "azure",
            "network_policy": null,
            "outbound_type": "loadBalancer",
            "pod_cidr": null,
            "service_cidr": null
          }
        ],
        "node_resource_group": null,
        "private_cluster_enabled": null,
        "private_fqdn": null,
        "private_link_enabled": null,
        "resource_group_name": "mainovaaksdemo-rg",
        "role_based_access_control": null,
        "service_principal": [],
        "sku_tier": "Free",
        "tags": null,
        "timeouts": null,
        "windows_profile": null
      },
      "type": [
        "object",
        {
          "addon_profile": [
            "list",
            [
              "object",
              {
                "aci_connector_linux": [
                  "list",
                  [
                    "object",
                    {
                      "enabled": "bool",
                      "subnet_name": "string"
                    }
                  ]
                ],
                "azure_policy": [
                  "list",
                  [
                    "object",
                    {
                      "enabled": "bool"
                    }
                  ]
                ],
                "http_application_routing": [
                  "list",
                  [
                    "object",
                    {
                      "enabled": "bool",
                      "http_application_routing_zone_name": "string"
                    }
                  ]
                ],
                "kube_dashboard": [
                  "list",
                  [
                    "object",
                    {
                      "enabled": "bool"
                    }
                  ]
                ],
                "oms_agent": [
                  "list",
                  [
                    "object",
                    {
                      "enabled": "bool",
                      "log_analytics_workspace_id": "string",
                      "oms_agent_identity": [
                        "list",
                        [
                          "object",
                          {
                            "client_id": "string",
                            "object_id": "string",
                            "user_assigned_identity_id": "string"
                          }
                        ]
                      ]
                    }
                  ]
                ]
              }
            ]
          ],
          "api_server_authorized_ip_ranges": [
            "set",
            "string"
          ],
          "auto_scaler_profile": [
            "list",
            [
              "object",
              {
                "balance_similar_node_groups": "bool",
                "max_graceful_termination_sec": "string",
                "scale_down_delay_after_add": "string",
                "scale_down_delay_after_delete": "string",
                "scale_down_delay_after_failure": "string",
                "scale_down_unneeded": "string",
                "scale_down_unready": "string",
                "scale_down_utilization_threshold": "string",
                "scan_interval": "string"
              }
            ]
          ],
          "default_node_pool": [
            "list",
            [
              "object",
              {
                "availability_zones": [
                  "list",
                  "string"
                ],
                "enable_auto_scaling": "bool",
                "enable_node_public_ip": "bool",
                "max_count": "number",
                "max_pods": "number",
                "min_count": "number",
                "name": "string",
                "node_count": "number",
                "node_labels": [
                  "map",
                  "string"
                ],
                "node_taints": [
                  "list",
                  "string"
                ],
                "orchestrator_version": "string",
                "os_disk_size_gb": "number",
                "tags": [
                  "map",
                  "string"
                ],
                "type": "string",
                "vm_size": "string",
                "vnet_subnet_id": "string"
              }
            ]
          ],
          "disk_encryption_set_id": "string",
          "dns_prefix": "string",
          "enable_pod_security_policy": "bool",
          "fqdn": "string",
          "id": "string",
          "identity": [
            "list",
            [
              "object",
              {
                "principal_id": "string",
                "tenant_id": "string",
                "type": "string"
              }
            ]
          ],
          "kube_admin_config": [
            "list",
            [
              "object",
              {
                "client_certificate": "string",
                "client_key": "string",
                "cluster_ca_certificate": "string",
                "host": "string",
                "password": "string",
                "username": "string"
              }
            ]
          ],
          "kube_admin_config_raw": "string",
          "kube_config": [
            "list",
            [
              "object",
              {
                "client_certificate": "string",
                "client_key": "string",
                "cluster_ca_certificate": "string",
                "host": "string",
                "password": "string",
                "username": "string"
              }
            ]
          ],
          "kube_config_raw": "string",
          "kubelet_identity": [
            "list",
            [
              "object",
              {
                "client_id": "string",
                "object_id": "string",
                "user_assigned_identity_id": "string"
              }
            ]
          ],
          "kubernetes_version": "string",
          "linux_profile": [
            "list",
            [
              "object",
              {
                "admin_username": "string",
                "ssh_key": [
                  "list",
                  [
                    "object",
                    {
                      "key_data": "string"
                    }
                  ]
                ]
              }
            ]
          ],
          "location": "string",
          "name": "string",
          "network_profile": [
            "list",
            [
              "object",
              {
                "dns_service_ip": "string",
                "docker_bridge_cidr": "string",
                "load_balancer_profile": [
                  "list",
                  [
                    "object",
                    {
                      "effective_outbound_ips": [
                        "set",
                        "string"
                      ],
                      "idle_timeout_in_minutes": "number",
                      "managed_outbound_ip_count": "number",
                      "outbound_ip_address_ids": [
                        "set",
                        "string"
                      ],
                      "outbound_ip_prefix_ids": [
                        "set",
                        "string"
                      ],
                      "outbound_ports_allocated": "number"
                    }
                  ]
                ],
                "load_balancer_sku": "string",
                "network_plugin": "string",
                "network_policy": "string",
                "outbound_type": "string",
                "pod_cidr": "string",
                "service_cidr": "string"
              }
            ]
          ],
          "node_resource_group": "string",
          "private_cluster_enabled": "bool",
          "private_fqdn": "string",
          "private_link_enabled": "bool",
          "resource_group_name": "string",
          "role_based_access_control": [
            "list",
            [
              "object",
              {
                "azure_active_directory": [
                  "list",
                  [
                    "object",
                    {
                      "admin_group_object_ids": [
                        "set",
                        "string"
                      ],
                      "client_app_id": "string",
                      "managed": "bool",
                      "server_app_id": "string",
                      "server_app_secret": "string",
                      "tenant_id": "string"
                    }
                  ]
                ],
                "enabled": "bool"
              }
            ]
          ],
          "service_principal": [
            "list",
            [
              "object",
              {
                "client_id": "string",
                "client_secret": "string"
              }
            ]
          ],
          "sku_tier": "string",
          "tags": [
            "map",
            "string"
          ],
          "timeouts": [
            "object",
            {
              "create": "string",
              "delete": "string",
              "read": "string",
              "update": "string"
            }
          ],
          "windows_profile": [
            "list",
            [
              "object",
              {
                "admin_password": "string",
                "admin_username": "string"
              }
            ]
          ]
        }
      ]
    },
    "aksName": {
      "value": "mainovaaksdemo-aks",
      "type": "string"
    },
    "registryName": {
      "value": "mainovaaksdemocr",
      "type": "string"
    },
    "resourceGroupName": {
      "value": "mainovaaksdemo-rg",
      "type": "string"
    }
  },
  "resources": [
    {
      "mode": "data",
      "type": "azurerm_public_ip",
      "name": "load_balancer_ip",
      "provider": "provider.azurerm",
      "instances": []
    },
    {
      "mode": "managed",
      "type": "azurerm_container_registry",
      "name": "acr",
      "provider": "provider.azurerm",
      "instances": [
        {
          "schema_version": 2,
          "attributes": {
            "admin_enabled": false,
            "admin_password": "",
            "admin_username": "",
            "georeplication_locations": null,
            "id": "/subscriptions/4117bea3-bb0b-498e-86f6-c003056883e1/resourceGroups/mainovaaksdemo-rg/providers/Microsoft.ContainerRegistry/registries/mainovaaksdemocr",
            "location": "westeurope",
            "login_server": "mainovaaksdemocr.azurecr.io",
            "name": "mainovaaksdemocr",
            "network_rule_set": [],
            "resource_group_name": "mainovaaksdemo-rg",
            "sku": "Basic",
            "storage_account_id": null,
            "tags": {},
            "timeouts": null
          },
          "private": "eyJlMmJmYjczMC1lY2FhLTExZTYtOGY4OC0zNDM2M2JjN2M0YzAiOnsiY3JlYXRlIjoxODAwMDAwMDAwMDAwLCJkZWxldGUiOjE4MDAwMDAwMDAwMDAsInJlYWQiOjMwMDAwMDAwMDAwMCwidXBkYXRlIjoxODAwMDAwMDAwMDAwfSwic2NoZW1hX3ZlcnNpb24iOiIyIn0=",
          "dependencies": [
            "azurerm_resource_group.rg"
          ]
        }
      ]
    },
    {
      "mode": "managed",
      "type": "azurerm_log_analytics_solution",
      "name": "solution",
      "provider": "provider.azurerm",
      "instances": [
        {
          "schema_version": 0,
          "attributes": {
            "id": "/subscriptions/4117bea3-bb0b-498e-86f6-c003056883e1/resourcegroups/mainovaaksdemo-rg/providers/Microsoft.OperationsManagement/solutions/ContainerInsights(mainovaaksdemo-law)",
            "location": "westeurope",
            "plan": [
              {
                "name": "ContainerInsights(mainovaaksdemo-law)",
                "product": "OMSGallery/ContainerInsights",
                "promotion_code": "",
                "publisher": "Microsoft"
              }
            ],
            "resource_group_name": "mainovaaksdemo-rg",
            "solution_name": "ContainerInsights",
            "timeouts": null,
            "workspace_name": "mainovaaksdemo-law",
            "workspace_resource_id": "/subscriptions/4117bea3-bb0b-498e-86f6-c003056883e1/resourcegroups/mainovaaksdemo-rg/providers/Microsoft.OperationalInsights/workspaces/mainovaaksdemo-law"
          },
          "private": "eyJlMmJmYjczMC1lY2FhLTExZTYtOGY4OC0zNDM2M2JjN2M0YzAiOnsiY3JlYXRlIjoxODAwMDAwMDAwMDAwLCJkZWxldGUiOjE4MDAwMDAwMDAwMDAsInJlYWQiOjMwMDAwMDAwMDAwMCwidXBkYXRlIjoxODAwMDAwMDAwMDAwfX0=",
          "dependencies": [
            "azurerm_log_analytics_workspace.workspace",
            "azurerm_resource_group.rg"
          ]
        }
      ]
    },
    {
      "mode": "managed",
      "type": "azurerm_log_analytics_workspace",
      "name": "workspace",
      "provider": "provider.azurerm",
      "instances": [
        {
          "schema_version": 0,
          "attributes": {
            "id": "/subscriptions/4117bea3-bb0b-498e-86f6-c003056883e1/resourcegroups/mainovaaksdemo-rg/providers/microsoft.operationalinsights/workspaces/mainovaaksdemo-law",
            "location": "westeurope",
            "name": "mainovaaksdemo-law",
            "portal_url": "",
            "primary_shared_key": "65wMPdP+GYfLOvi/cwtmnz4BwduMhg2SfPfFAtg0d77IZOrD+Lg+GviHAOQG3f1yGH9t216+UGy2ry+usUDNrA==",
            "resource_group_name": "mainovaaksdemo-rg",
            "retention_in_days": 30,
            "secondary_shared_key": "Rl2Y5rdzJL6S9fmvB8mtozOB8/y0jKQhXn62C6eGGQHDlV4TvO6RGi9kryZiox+m0Bc6goFsNbSZKfhVGYvdsw==",
            "sku": "pergb2018",
            "tags": {},
            "timeouts": null,
            "workspace_id": "baab0528-e9fd-4f59-85db-7af754a74530"
          },
          "private": "eyJlMmJmYjczMC1lY2FhLTExZTYtOGY4OC0zNDM2M2JjN2M0YzAiOnsiY3JlYXRlIjoxODAwMDAwMDAwMDAwLCJkZWxldGUiOjE4MDAwMDAwMDAwMDAsInJlYWQiOjMwMDAwMDAwMDAwMCwidXBkYXRlIjoxODAwMDAwMDAwMDAwfX0=",
          "dependencies": [
            "azurerm_resource_group.rg"
          ]
        }
      ]
    },
    {
      "mode": "managed",
      "type": "azurerm_resource_group",
      "name": "rg",
      "provider": "provider.azurerm",
      "instances": [
        {
          "schema_version": 0,
          "attributes": {
            "id": "/subscriptions/4117bea3-bb0b-498e-86f6-c003056883e1/resourceGroups/mainovaaksdemo-rg",
            "location": "westeurope",
            "name": "mainovaaksdemo-rg",
            "tags": {},
            "timeouts": null
          },
          "private": "eyJlMmJmYjczMC1lY2FhLTExZTYtOGY4OC0zNDM2M2JjN2M0YzAiOnsiY3JlYXRlIjo1NDAwMDAwMDAwMDAwLCJkZWxldGUiOjU0MDAwMDAwMDAwMDAsInJlYWQiOjMwMDAwMDAwMDAwMCwidXBkYXRlIjo1NDAwMDAwMDAwMDAwfX0="
        }
      ]
    },
    {
      "mode": "managed",
      "type": "azurerm_subnet",
      "name": "subnet",
      "provider": "provider.azurerm",
      "instances": [
        {
          "schema_version": 0,
          "attributes": {
            "address_prefix": "10.240.0.0/16",
            "address_prefixes": [
              "10.240.0.0/16"
            ],
            "delegation": [],
            "enforce_private_link_endpoint_network_policies": false,
            "enforce_private_link_service_network_policies": false,
            "id": "/subscriptions/4117bea3-bb0b-498e-86f6-c003056883e1/resourceGroups/mainovaaksdemo-rg/providers/Microsoft.Network/virtualNetworks/mainovaaksdemo-vnet/subnets/mainovaaksdemo-subnet",
            "name": "mainovaaksdemo-subnet",
            "resource_group_name": "mainovaaksdemo-rg",
            "service_endpoints": [],
            "timeouts": null,
            "virtual_network_name": "mainovaaksdemo-vnet"
          },
          "private": "eyJlMmJmYjczMC1lY2FhLTExZTYtOGY4OC0zNDM2M2JjN2M0YzAiOnsiY3JlYXRlIjoxODAwMDAwMDAwMDAwLCJkZWxldGUiOjE4MDAwMDAwMDAwMDAsInJlYWQiOjMwMDAwMDAwMDAwMCwidXBkYXRlIjoxODAwMDAwMDAwMDAwfX0=",
          "dependencies": [
            "azurerm_resource_group.rg",
            "azurerm_virtual_network.vnet"
          ]
        }
      ]
    },
    {
      "mode": "managed",
      "type": "azurerm_virtual_network",
      "name": "vnet",
      "provider": "provider.azurerm",
      "instances": [
        {
          "schema_version": 0,
          "attributes": {
            "address_space": [
              "10.0.0.0/8"
            ],
            "ddos_protection_plan": [],
            "dns_servers": [],
            "guid": "b2910aa5-510b-42ec-9cd5-02708ee2c021",
            "id": "/subscriptions/4117bea3-bb0b-498e-86f6-c003056883e1/resourceGroups/mainovaaksdemo-rg/providers/Microsoft.Network/virtualNetworks/mainovaaksdemo-vnet",
            "location": "westeurope",
            "name": "mainovaaksdemo-vnet",
            "resource_group_name": "mainovaaksdemo-rg",
            "subnet": [
              {
                "address_prefix": "10.240.0.0/16",
                "id": "/subscriptions/4117bea3-bb0b-498e-86f6-c003056883e1/resourceGroups/mainovaaksdemo-rg/providers/Microsoft.Network/virtualNetworks/mainovaaksdemo-vnet/subnets/mainovaaksdemo-subnet",
                "name": "mainovaaksdemo-subnet",
                "security_group": ""
              }
            ],
            "tags": {},
            "timeouts": null
          },
          "private": "eyJlMmJmYjczMC1lY2FhLTExZTYtOGY4OC0zNDM2M2JjN2M0YzAiOnsiY3JlYXRlIjoxODAwMDAwMDAwMDAwLCJkZWxldGUiOjE4MDAwMDAwMDAwMDAsInJlYWQiOjMwMDAwMDAwMDAwMCwidXBkYXRlIjoxODAwMDAwMDAwMDAwfX0=",
          "dependencies": [
            "azurerm_resource_group.rg"
          ]
        }
      ]
    }
  ]
}
